// !$*UTF8*$!
{
	archiveVersion = 1;
	classes = {
	};
	objectVersion = 56;
	objects = {

/* Begin PBXBuildFile section */
		0299F1422D19AF3E00A6DE71 /* AnimaleModule.swift in Sources */ = {isa = PBXBuildFile; fileRef = 0299F1412D19AF3100A6DE71 /* AnimaleModule.swift */; };
		0299F1442D19AF5C00A6DE71 /* BayanApp.swift in Sources */ = {isa = PBXBuildFile; fileRef = 0299F1432D19AF5300A6DE71 /* BayanApp.swift */; };
		0299F1462D19AF9A00A6DE71 /* lerrerRViewModule.swift in Sources */ = {isa = PBXBuildFile; fileRef = 0299F1452D19AF9A00A6DE71 /* lerrerRViewModule.swift */; };
		0299F14E2D19AFB400A6DE71 /* LetterGViewModule.swift in Sources */ = {isa = PBXBuildFile; fileRef = 0299F1472D19AFB400A6DE71 /* LetterGViewModule.swift */; };
		0299F14F2D19AFB400A6DE71 /* LettersPage.swift in Sources */ = {isa = PBXBuildFile; fileRef = 0299F1492D19AFB400A6DE71 /* LettersPage.swift */; };
		0299F1502D19AFB400A6DE71 /* SoundPlayerViewModel 2.swift in Sources */ = {isa = PBXBuildFile; fileRef = 0299F14B2D19AFB400A6DE71 /* SoundPlayerViewModel 2.swift */; };
		0299F1512D19AFB400A6DE71 /* LetterSViewModule 2.swift in Sources */ = {isa = PBXBuildFile; fileRef = 0299F14A2D19AFB400A6DE71 /* LetterSViewModule 2.swift */; };
		0299F1522D19AFB400A6DE71 /* Top Section View 2.swift in Sources */ = {isa = PBXBuildFile; fileRef = 0299F14C2D19AFB400A6DE71 /* Top Section View 2.swift */; };
		0299F1532D19AFB400A6DE71 /* LetterKViewModel 2.swift in Sources */ = {isa = PBXBuildFile; fileRef = 0299F1482D19AFB400A6DE71 /* LetterKViewModel 2.swift */; };
		0299F1542D19AFB400A6DE71 /* TopSectionViewModel 2.swift in Sources */ = {isa = PBXBuildFile; fileRef = 0299F14D2D19AFB400A6DE71 /* TopSectionViewModel 2.swift */; };
		0299F1592D19AFDE00A6DE71 /* splash screen 2.swift in Sources */ = {isa = PBXBuildFile; fileRef = 0299F1572D19AFDE00A6DE71 /* splash screen 2.swift */; };
		0299F15C2D19AFDE00A6DE71 /* Reindeer.swift in Sources */ = {isa = PBXBuildFile; fileRef = 0299F1562D19AFDE00A6DE71 /* Reindeer.swift */; };
		0299F15E2D19B01400A6DE71 /* Choose the character 2.swift in Sources */ = {isa = PBXBuildFile; fileRef = 0299F15D2D19B01400A6DE71 /* Choose the character 2.swift */; };
		02F08C072D1B28EF004D5C4E /* LetterModewl.swift in Sources */ = {isa = PBXBuildFile; fileRef = 02F08C062D1B28E5004D5C4E /* LetterModewl.swift */; };
		02F08C092D1B2927004D5C4E /* MapView.swift in Sources */ = {isa = PBXBuildFile; fileRef = 02F08C082D1B291A004D5C4E /* MapView.swift */; };
		A7EB25C22D1350A900EC20D4 /* Assets.xcassets in Resources */ = {isa = PBXBuildFile; fileRef = A7EB25C12D1350A900EC20D4 /* Assets.xcassets */; };
		A7EB25C52D1350A900EC20D4 /* Preview Assets.xcassets in Resources */ = {isa = PBXBuildFile; fileRef = A7EB25C42D1350A900EC20D4 /* Preview Assets.xcassets */; };
		A7EB25CC2D14544600EC20D4 /* Evaluation.swift in Sources */ = {isa = PBXBuildFile; fileRef = A7EB25CB2D14544600EC20D4 /* Evaluation.swift */; };
/* End PBXBuildFile section */

/* Begin PBXFileReference section */
		0299F1412D19AF3100A6DE71 /* AnimaleModule.swift */ = {isa = PBXFileReference; lastKnownFileType = sourcecode.swift; path = AnimaleModule.swift; sourceTree = "<group>"; };
		0299F1432D19AF5300A6DE71 /* BayanApp.swift */ = {isa = PBXFileReference; lastKnownFileType = sourcecode.swift; path = BayanApp.swift; sourceTree = "<group>"; };
		0299F1452D19AF9A00A6DE71 /* lerrerRViewModule.swift */ = {isa = PBXFileReference; lastKnownFileType = sourcecode.swift; path = lerrerRViewModule.swift; sourceTree = "<group>"; };
		0299F1472D19AFB400A6DE71 /* LetterGViewModule.swift */ = {isa = PBXFileReference; lastKnownFileType = sourcecode.swift; path = LetterGViewModule.swift; sourceTree = "<group>"; };
		0299F1482D19AFB400A6DE71 /* LetterKViewModel 2.swift */ = {isa = PBXFileReference; lastKnownFileType = sourcecode.swift; path = "LetterKViewModel 2.swift"; sourceTree = "<group>"; };
		0299F1492D19AFB400A6DE71 /* LettersPage.swift */ = {isa = PBXFileReference; lastKnownFileType = sourcecode.swift; path = LettersPage.swift; sourceTree = "<group>"; };
		0299F14A2D19AFB400A6DE71 /* LetterSViewModule 2.swift */ = {isa = PBXFileReference; lastKnownFileType = sourcecode.swift; path = "LetterSViewModule 2.swift"; sourceTree = "<group>"; };
		0299F14B2D19AFB400A6DE71 /* SoundPlayerViewModel 2.swift */ = {isa = PBXFileReference; lastKnownFileType = sourcecode.swift; path = "SoundPlayerViewModel 2.swift"; sourceTree = "<group>"; };
		0299F14C2D19AFB400A6DE71 /* Top Section View 2.swift */ = {isa = PBXFileReference; lastKnownFileType = sourcecode.swift; path = "Top Section View 2.swift"; sourceTree = "<group>"; };
		0299F14D2D19AFB400A6DE71 /* TopSectionViewModel 2.swift */ = {isa = PBXFileReference; lastKnownFileType = sourcecode.swift; path = "TopSectionViewModel 2.swift"; sourceTree = "<group>"; };
		0299F1562D19AFDE00A6DE71 /* Reindeer.swift */ = {isa = PBXFileReference; lastKnownFileType = sourcecode.swift; path = Reindeer.swift; sourceTree = "<group>"; };
		0299F1572D19AFDE00A6DE71 /* splash screen 2.swift */ = {isa = PBXFileReference; lastKnownFileType = sourcecode.swift; path = "splash screen 2.swift"; sourceTree = "<group>"; };
		0299F15D2D19B01400A6DE71 /* Choose the character 2.swift */ = {isa = PBXFileReference; lastKnownFileType = sourcecode.swift; path = "Choose the character 2.swift"; sourceTree = "<group>"; };
		02F08C062D1B28E5004D5C4E /* LetterModewl.swift */ = {isa = PBXFileReference; lastKnownFileType = sourcecode.swift; path = LetterModewl.swift; sourceTree = "<group>"; };
		02F08C082D1B291A004D5C4E /* MapView.swift */ = {isa = PBXFileReference; lastKnownFileType = sourcecode.swift; path = MapView.swift; sourceTree = "<group>"; };
		A7EB25BA2D1350A700EC20D4 /* BayanApp.app */ = {isa = PBXFileReference; explicitFileType = wrapper.application; includeInIndex = 0; path = BayanApp.app; sourceTree = BUILT_PRODUCTS_DIR; };
		A7EB25C12D1350A900EC20D4 /* Assets.xcassets */ = {isa = PBXFileReference; lastKnownFileType = folder.assetcatalog; path = Assets.xcassets; sourceTree = "<group>"; };
		A7EB25C42D1350A900EC20D4 /* Preview Assets.xcassets */ = {isa = PBXFileReference; lastKnownFileType = folder.assetcatalog; path = "Preview Assets.xcassets"; sourceTree = "<group>"; };
		A7EB25CB2D14544600EC20D4 /* Evaluation.swift */ = {isa = PBXFileReference; lastKnownFileType = sourcecode.swift; path = Evaluation.swift; sourceTree = "<group>"; };
		A7EB25CD2D14552500EC20D4 /* Info.plist */ = {isa = PBXFileReference; lastKnownFileType = text.plist; path = Info.plist; sourceTree = "<group>"; };
/* End PBXFileReference section */

/* Begin PBXFrameworksBuildPhase section */
		A7EB25B72D1350A700EC20D4 /* Frameworks */ = {
			isa = PBXFrameworksBuildPhase;
			buildActionMask = 2147483647;
			files = (
			);
			runOnlyForDeploymentPostprocessing = 0;
		};
/* End PBXFrameworksBuildPhase section */

/* Begin PBXGroup section */
		A7EB25B12D1350A700EC20D4 = {
			isa = PBXGroup;
			children = (
				A7EB25BC2D1350A700EC20D4 /* BayanApp */,
				A7EB25BB2D1350A700EC20D4 /* Products */,
			);
			sourceTree = "<group>";
		};
		A7EB25BB2D1350A700EC20D4 /* Products */ = {
			isa = PBXGroup;
			children = (
				A7EB25BA2D1350A700EC20D4 /* BayanApp.app */,
			);
			name = Products;
			sourceTree = "<group>";
		};
		A7EB25BC2D1350A700EC20D4 /* BayanApp */ = {
			isa = PBXGroup;
			children = (
				A7EB25CD2D14552500EC20D4 /* Info.plist */,
				A7EB25CB2D14544600EC20D4 /* Evaluation.swift */,
				0299F1432D19AF5300A6DE71 /* BayanApp.swift */,
				0299F14B2D19AFB400A6DE71 /* SoundPlayerViewModel 2.swift */,
				0299F14D2D19AFB400A6DE71 /* TopSectionViewModel 2.swift */,
				0299F14C2D19AFB400A6DE71 /* Top Section View 2.swift */,
				0299F1412D19AF3100A6DE71 /* AnimaleModule.swift */,
				02F08C062D1B28E5004D5C4E /* LetterModewl.swift */,
				0299F1572D19AFDE00A6DE71 /* splash screen 2.swift */,
				0299F1492D19AFB400A6DE71 /* LettersPage.swift */,
				02F08C082D1B291A004D5C4E /* MapView.swift */,
				0299F1482D19AFB400A6DE71 /* LetterKViewModel 2.swift */,
				0299F14A2D19AFB400A6DE71 /* LetterSViewModule 2.swift */,
				0299F1472D19AFB400A6DE71 /* LetterGViewModule.swift */,
				0299F1452D19AF9A00A6DE71 /* lerrerRViewModule.swift */,
				0299F15D2D19B01400A6DE71 /* Choose the character 2.swift */,
				0299F1562D19AFDE00A6DE71 /* Reindeer.swift */,
				A7EB25C12D1350A900EC20D4 /* Assets.xcassets */,
				A7EB25C32D1350A900EC20D4 /* Preview Content */,
			);
			path = BayanApp;
			sourceTree = "<group>";
		};
		A7EB25C32D1350A900EC20D4 /* Preview Content */ = {
			isa = PBXGroup;
			children = (
				A7EB25C42D1350A900EC20D4 /* Preview Assets.xcassets */,
			);
			path = "Preview Content";
			sourceTree = "<group>";
		};
/* End PBXGroup section */

/* Begin PBXNativeTarget section */
		A7EB25B92D1350A700EC20D4 /* BayanApp */ = {
			isa = PBXNativeTarget;
			buildConfigurationList = A7EB25C82D1350A900EC20D4 /* Build configuration list for PBXNativeTarget "BayanApp" */;
			buildPhases = (
				A7EB25B62D1350A700EC20D4 /* Sources */,
				A7EB25B72D1350A700EC20D4 /* Frameworks */,
				A7EB25B82D1350A700EC20D4 /* Resources */,
			);
			buildRules = (
			);
			dependencies = (
			);
			name = BayanApp;
			productName = BayanApp;
			productReference = A7EB25BA2D1350A700EC20D4 /* BayanApp.app */;
			productType = "com.apple.product-type.application";
		};
/* End PBXNativeTarget section */

/* Begin PBXProject section */
		A7EB25B22D1350A700EC20D4 /* Project object */ = {
			isa = PBXProject;
			attributes = {
				BuildIndependentTargetsInParallel = 1;
				LastSwiftUpdateCheck = 1540;
				LastUpgradeCheck = 1540;
				TargetAttributes = {
					A7EB25B92D1350A700EC20D4 = {
						CreatedOnToolsVersion = 15.4;
					};
				};
			};
			buildConfigurationList = A7EB25B52D1350A700EC20D4 /* Build configuration list for PBXProject "BayanApp" */;
			compatibilityVersion = "Xcode 14.0";
			developmentRegion = en;
			hasScannedForEncodings = 0;
			knownRegions = (
				en,
				Base,
			);
			mainGroup = A7EB25B12D1350A700EC20D4;
			productRefGroup = A7EB25BB2D1350A700EC20D4 /* Products */;
			projectDirPath = "";
			projectRoot = "";
			targets = (
				A7EB25B92D1350A700EC20D4 /* BayanApp */,
			);
		};
/* End PBXProject section */

/* Begin PBXResourcesBuildPhase section */
		A7EB25B82D1350A700EC20D4 /* Resources */ = {
			isa = PBXResourcesBuildPhase;
			buildActionMask = 2147483647;
			files = (
				A7EB25C52D1350A900EC20D4 /* Preview Assets.xcassets in Resources */,
				A7EB25C22D1350A900EC20D4 /* Assets.xcassets in Resources */,
			);
			runOnlyForDeploymentPostprocessing = 0;
		};
/* End PBXResourcesBuildPhase section */

/* Begin PBXSourcesBuildPhase section */
		A7EB25B62D1350A700EC20D4 /* Sources */ = {
			isa = PBXSourcesBuildPhase;
			buildActionMask = 2147483647;
			files = (
				A7EB25CC2D14544600EC20D4 /* Evaluation.swift in Sources */,
				02F08C092D1B2927004D5C4E /* MapView.swift in Sources */,
				0299F1462D19AF9A00A6DE71 /* lerrerRViewModule.swift in Sources */,
				0299F1442D19AF5C00A6DE71 /* BayanApp.swift in Sources */,
				0299F14E2D19AFB400A6DE71 /* LetterGViewModule.swift in Sources */,
				0299F14F2D19AFB400A6DE71 /* LettersPage.swift in Sources */,
				0299F1502D19AFB400A6DE71 /* SoundPlayerViewModel 2.swift in Sources */,
				0299F1512D19AFB400A6DE71 /* LetterSViewModule 2.swift in Sources */,
				0299F1522D19AFB400A6DE71 /* Top Section View 2.swift in Sources */,
				0299F15E2D19B01400A6DE71 /* Choose the character 2.swift in Sources */,
				0299F1532D19AFB400A6DE71 /* LetterKViewModel 2.swift in Sources */,
				0299F1592D19AFDE00A6DE71 /* splash screen 2.swift in Sources */,
				0299F15C2D19AFDE00A6DE71 /* Reindeer.swift in Sources */,
				0299F1542D19AFB400A6DE71 /* TopSectionViewModel 2.swift in Sources */,
				0299F1422D19AF3E00A6DE71 /* AnimaleModule.swift in Sources */,
				02F08C072D1B28EF004D5C4E /* LetterModewl.swift in Sources */,
			);
			runOnlyForDeploymentPostprocessing = 0;
		};
/* End PBXSourcesBuildPhase section */

/* Begin XCBuildConfiguration section */
		A7EB25C62D1350A900EC20D4 /* Debug */ = {
			isa = XCBuildConfiguration;
			buildSettings = {
				ALWAYS_SEARCH_USER_PATHS = NO;
				ASSETCATALOG_COMPILER_GENERATE_SWIFT_ASSET_SYMBOL_EXTENSIONS = YES;
				CLANG_ANALYZER_NONNULL = YES;
				CLANG_ANALYZER_NUMBER_OBJECT_CONVERSION = YES_AGGRESSIVE;
				CLANG_CXX_LANGUAGE_STANDARD = "gnu++20";
				CLANG_ENABLE_MODULES = YES;
				CLANG_ENABLE_OBJC_ARC = YES;
				CLANG_ENABLE_OBJC_WEAK = YES;
				CLANG_WARN_BLOCK_CAPTURE_AUTORELEASING = YES;
				CLANG_WARN_BOOL_CONVERSION = YES;
				CLANG_WARN_COMMA = YES;
				CLANG_WARN_CONSTANT_CONVERSION = YES;
				CLANG_WARN_DEPRECATED_OBJC_IMPLEMENTATIONS = YES;
				CLANG_WARN_DIRECT_OBJC_ISA_USAGE = YES_ERROR;
				CLANG_WARN_DOCUMENTATION_COMMENTS = YES;
				CLANG_WARN_EMPTY_BODY = YES;
				CLANG_WARN_ENUM_CONVERSION = YES;
				CLANG_WARN_INFINITE_RECURSION = YES;
				CLANG_WARN_INT_CONVERSION = YES;
				CLANG_WARN_NON_LITERAL_NULL_CONVERSION = YES;
				CLANG_WARN_OBJC_IMPLICIT_RETAIN_SELF = YES;
				CLANG_WARN_OBJC_LITERAL_CONVERSION = YES;
				CLANG_WARN_OBJC_ROOT_CLASS = YES_ERROR;
				CLANG_WARN_QUOTED_INCLUDE_IN_FRAMEWORK_HEADER = YES;
				CLANG_WARN_RANGE_LOOP_ANALYSIS = YES;
				CLANG_WARN_STRICT_PROTOTYPES = YES;
				CLANG_WARN_SUSPICIOUS_MOVE = YES;
				CLANG_WARN_UNGUARDED_AVAILABILITY = YES_AGGRESSIVE;
				CLANG_WARN_UNREACHABLE_CODE = YES;
				CLANG_WARN__DUPLICATE_METHOD_MATCH = YES;
				COPY_PHASE_STRIP = NO;
				DEBUG_INFORMATION_FORMAT = dwarf;
				ENABLE_STRICT_OBJC_MSGSEND = YES;
				ENABLE_TESTABILITY = YES;
				ENABLE_USER_SCRIPT_SANDBOXING = YES;
				GCC_C_LANGUAGE_STANDARD = gnu17;
				GCC_DYNAMIC_NO_PIC = NO;
				GCC_NO_COMMON_BLOCKS = YES;
				GCC_OPTIMIZATION_LEVEL = 0;
				GCC_PREPROCESSOR_DEFINITIONS = (
					"DEBUG=1",
					"$(inherited)",
				);
				GCC_WARN_64_TO_32_BIT_CONVERSION = YES;
				GCC_WARN_ABOUT_RETURN_TYPE = YES_ERROR;
				GCC_WARN_UNDECLARED_SELECTOR = YES;
				GCC_WARN_UNINITIALIZED_AUTOS = YES_AGGRESSIVE;
				GCC_WARN_UNUSED_FUNCTION = YES;
				GCC_WARN_UNUSED_VARIABLE = YES;
				IPHONEOS_DEPLOYMENT_TARGET = 17.5;
				LOCALIZATION_PREFERS_STRING_CATALOGS = YES;
				MTL_ENABLE_DEBUG_INFO = INCLUDE_SOURCE;
				MTL_FAST_MATH = YES;
				ONLY_ACTIVE_ARCH = YES;
				SDKROOT = iphoneos;
				SWIFT_ACTIVE_COMPILATION_CONDITIONS = "DEBUG $(inherited)";
				SWIFT_OPTIMIZATION_LEVEL = "-Onone";
			};
			name = Debug;
		};
		A7EB25C72D1350A900EC20D4 /* Release */ = {
			isa = XCBuildConfiguration;
			buildSettings = {
				ALWAYS_SEARCH_USER_PATHS = NO;
				ASSETCATALOG_COMPILER_GENERATE_SWIFT_ASSET_SYMBOL_EXTENSIONS = YES;
				CLANG_ANALYZER_NONNULL = YES;
				CLANG_ANALYZER_NUMBER_OBJECT_CONVERSION = YES_AGGRESSIVE;
				CLANG_CXX_LANGUAGE_STANDARD = "gnu++20";
				CLANG_ENABLE_MODULES = YES;
				CLANG_ENABLE_OBJC_ARC = YES;
				CLANG_ENABLE_OBJC_WEAK = YES;
				CLANG_WARN_BLOCK_CAPTURE_AUTORELEASING = YES;
				CLANG_WARN_BOOL_CONVERSION = YES;
				CLANG_WARN_COMMA = YES;
				CLANG_WARN_CONSTANT_CONVERSION = YES;
				CLANG_WARN_DEPRECATED_OBJC_IMPLEMENTATIONS = YES;
				CLANG_WARN_DIRECT_OBJC_ISA_USAGE = YES_ERROR;
				CLANG_WARN_DOCUMENTATION_COMMENTS = YES;
				CLANG_WARN_EMPTY_BODY = YES;
				CLANG_WARN_ENUM_CONVERSION = YES;
				CLANG_WARN_INFINITE_RECURSION = YES;
				CLANG_WARN_INT_CONVERSION = YES;
				CLANG_WARN_NON_LITERAL_NULL_CONVERSION = YES;
				CLANG_WARN_OBJC_IMPLICIT_RETAIN_SELF = YES;
				CLANG_WARN_OBJC_LITERAL_CONVERSION = YES;
				CLANG_WARN_OBJC_ROOT_CLASS = YES_ERROR;
				CLANG_WARN_QUOTED_INCLUDE_IN_FRAMEWORK_HEADER = YES;
				CLANG_WARN_RANGE_LOOP_ANALYSIS = YES;
				CLANG_WARN_STRICT_PROTOTYPES = YES;
				CLANG_WARN_SUSPICIOUS_MOVE = YES;
				CLANG_WARN_UNGUARDED_AVAILABILITY = YES_AGGRESSIVE;
				CLANG_WARN_UNREACHABLE_CODE = YES;
				CLANG_WARN__DUPLICATE_METHOD_MATCH = YES;
				COPY_PHASE_STRIP = NO;
				DEBUG_INFORMATION_FORMAT = "dwarf-with-dsym";
				ENABLE_NS_ASSERTIONS = NO;
				ENABLE_STRICT_OBJC_MSGSEND = YES;
				ENABLE_USER_SCRIPT_SANDBOXING = YES;
				GCC_C_LANGUAGE_STANDARD = gnu17;
				GCC_NO_COMMON_BLOCKS = YES;
				GCC_WARN_64_TO_32_BIT_CONVERSION = YES;
				GCC_WARN_ABOUT_RETURN_TYPE = YES_ERROR;
				GCC_WARN_UNDECLARED_SELECTOR = YES;
				GCC_WARN_UNINITIALIZED_AUTOS = YES_AGGRESSIVE;
				GCC_WARN_UNUSED_FUNCTION = YES;
				GCC_WARN_UNUSED_VARIABLE = YES;
				IPHONEOS_DEPLOYMENT_TARGET = 17.5;
				LOCALIZATION_PREFERS_STRING_CATALOGS = YES;
				MTL_ENABLE_DEBUG_INFO = NO;
				MTL_FAST_MATH = YES;
				SDKROOT = iphoneos;
				SWIFT_COMPILATION_MODE = wholemodule;
				VALIDATE_PRODUCT = YES;
			};
			name = Release;
		};
		A7EB25C92D1350A900EC20D4 /* Debug */ = {
			isa = XCBuildConfiguration;
			buildSettings = {
				ASSETCATALOG_COMPILER_APPICON_NAME = AppIcon;
				ASSETCATALOG_COMPILER_GLOBAL_ACCENT_COLOR_NAME = AccentColor;
				CODE_SIGN_STYLE = Automatic;
				CURRENT_PROJECT_VERSION = 1;
				DEVELOPMENT_ASSET_PATHS = "\"BayanApp/Preview Content\"";
				DEVELOPMENT_TEAM = 745FJCQPA9;
				ENABLE_PREVIEWS = YES;
				GENERATE_INFOPLIST_FILE = YES;
				INFOPLIST_FILE = BayanApp/Info.plist;
				INFOPLIST_KEY_UIApplicationSceneManifest_Generation = YES;
				INFOPLIST_KEY_UIApplicationSupportsIndirectInputEvents = YES;
				INFOPLIST_KEY_UILaunchScreen_Generation = YES;
				INFOPLIST_KEY_UISupportedInterfaceOrientations_iPad = "UIInterfaceOrientationPortrait UIInterfaceOrientationPortraitUpsideDown UIInterfaceOrientationLandscapeLeft UIInterfaceOrientationLandscapeRight";
				INFOPLIST_KEY_UISupportedInterfaceOrientations_iPhone = "UIInterfaceOrientationPortrait UIInterfaceOrientationLandscapeLeft UIInterfaceOrientationLandscapeRight";
				LD_RUNPATH_SEARCH_PATHS = (
					"$(inherited)",
					"@executable_path/Frameworks",
				);
				MARKETING_VERSION = 1.0;
				PRODUCT_BUNDLE_IDENTIFIER = R.BayanApp;
				PRODUCT_NAME = "$(TARGET_NAME)";
				SWIFT_EMIT_LOC_STRINGS = YES;
				SWIFT_VERSION = 5.0;
				TARGETED_DEVICE_FAMILY = "1,2";
			};
			name = Debug;
		};
		A7EB25CA2D1350A900EC20D4 /* Release */ = {
			isa = XCBuildConfiguration;
			buildSettings = {
				ASSETCATALOG_COMPILER_APPICON_NAME = AppIcon;
				ASSETCATALOG_COMPILER_GLOBAL_ACCENT_COLOR_NAME = AccentColor;
				CODE_SIGN_STYLE = Automatic;
				CURRENT_PROJECT_VERSION = 1;
				DEVELOPMENT_ASSET_PATHS = "\"BayanApp/Preview Content\"";
				DEVELOPMENT_TEAM = 745FJCQPA9;
				ENABLE_PREVIEWS = YES;
				GENERATE_INFOPLIST_FILE = YES;
				INFOPLIST_FILE = BayanApp/Info.plist;
				INFOPLIST_KEY_UIApplicationSceneManifest_Generation = YES;
				INFOPLIST_KEY_UIApplicationSupportsIndirectInputEvents = YES;
				INFOPLIST_KEY_UILaunchScreen_Generation = YES;
				INFOPLIST_KEY_UISupportedInterfaceOrientations_iPad = "UIInterfaceOrientationPortrait UIInterfaceOrientationPortraitUpsideDown UIInterfaceOrientationLandscapeLeft UIInterfaceOrientationLandscapeRight";
				INFOPLIST_KEY_UISupportedInterfaceOrientations_iPhone = "UIInterfaceOrientationPortrait UIInterfaceOrientationLandscapeLeft UIInterfaceOrientationLandscapeRight";
				LD_RUNPATH_SEARCH_PATHS = (
					"$(inherited)",
					"@executable_path/Frameworks",
				);
				MARKETING_VERSION = 1.0;
				PRODUCT_BUNDLE_IDENTIFIER = R.BayanApp;
				PRODUCT_NAME = "$(TARGET_NAME)";
				SWIFT_EMIT_LOC_STRINGS = YES;
				SWIFT_VERSION = 5.0;
				TARGETED_DEVICE_FAMILY = "1,2";
			};
			name = Release;
		};
/* End XCBuildConfiguration section */

/* Begin XCConfigurationList section */
		A7EB25B52D1350A700EC20D4 /* Build configuration list for PBXProject "BayanApp" */ = {
			isa = XCConfigurationList;
			buildConfigurations = (
				A7EB25C62D1350A900EC20D4 /* Debug */,
				A7EB25C72D1350A900EC20D4 /* Release */,
			);
			defaultConfigurationIsVisible = 0;
			defaultConfigurationName = Release;
		};
		A7EB25C82D1350A900EC20D4 /* Build configuration list for PBXNativeTarget "BayanApp" */ = {
			isa = XCConfigurationList;
			buildConfigurations = (
				A7EB25C92D1350A900EC20D4 /* Debug */,
				A7EB25CA2D1350A900EC20D4 /* Release */,
			);
			defaultConfigurationIsVisible = 0;
			defaultConfigurationName = Release;
		};
/* End XCConfigurationList section */
	};
	rootObject = A7EB25B22D1350A700EC20D4 /* Project object */;
}
